
Microsoft Visual Studio Solution File, Format Version 12.00
# Visual Studio Version 17
VisualStudioVersion = 17.6.33712.159
MinimumVisualStudioVersion = 10.0.40219.1
Project("{9A19103F-16F7-4668-BE54-9A1E7A4F7556}") = "TicketSystem_WebAPI", "TicketSystem_WebAPI\TicketSystem_WebAPI.csproj", "{2CF152D9-F16B-494B-8749-8ED5E926662E}"
EndProject
Project("{FAE04EC0-301F-11D3-BF4B-00C04F79EFBC}") = "TicketSystem_WebPages", "..\TicketSystem_WebPages\TicketSystem_WebPages.csproj", "{FEE97528-4C89-4749-89B3-7E88C1A10603}"
EndProject
Global
	GlobalSection(SolutionConfigurationPlatforms) = preSolution
		Debug|Any CPU = Debug|Any CPU
		Release|Any CPU = Release|Any CPU
	EndGlobalSection
	GlobalSection(ProjectConfigurationPlatforms) = postSolution
		{2CF152D9-F16B-494B-8749-8ED5E926662E}.Debug|Any CPU.ActiveCfg = Debug|Any CPU
		{2CF152D9-F16B-494B-8749-8ED5E926662E}.Debug|Any CPU.Build.0 = Debug|Any CPU
		{2CF152D9-F16B-494B-8749-8ED5E926662E}.Release|Any CPU.ActiveCfg = Release|Any CPU
		{2CF152D9-F16B-494B-8749-8ED5E926662E}.Release|Any CPU.Build.0 = Release|Any CPU
		{FEE97528-4C89-4749-89B3-7E88C1A10603}.Debug|Any CPU.ActiveCfg = Debug|Any CPU
		{FEE97528-4C89-4749-89B3-7E88C1A10603}.Debug|Any CPU.Build.0 = Debug|Any CPU
		{FEE97528-4C89-4749-89B3-7E88C1A10603}.Release|Any CPU.ActiveCfg = Release|Any CPU
		{FEE97528-4C89-4749-89B3-7E88C1A10603}.Release|Any CPU.Build.0 = Release|Any CPU
	EndGlobalSection
	GlobalSection(SolutionProperties) = preSolution
		HideSolutionNode = FALSE
	EndGlobalSection
	GlobalSection(ExtensibilityGlobals) = postSolution
		SolutionGuid = {804B7610-6D48-457A-86C3-F27F57961CD4}
	EndGlobalSection
EndGlobal
